
Microsoft Visual Studio Solution File, Format Version 12.00
# Visual Studio Version 16
VisualStudioVersion = 16.0.29020.237
MinimumVisualStudioVersion = 10.0.40219.1
Project("{9A19103F-16F7-4668-BE54-9A1E7A4F7556}") = "Wallet.Api", "Wallet.Api\Wallet.Api.csproj", "{7FC40EC0-E320-461C-96BC-128F71CC748B}"
EndProject
Project("{9A19103F-16F7-4668-BE54-9A1E7A4F7556}") = "Wallet.Services.Identity", "Wallet.Services.Identity\Wallet.Services.Identity.csproj", "{73A604F9-59A2-4596-91A8-1FCFBA781081}"
EndProject
Project("{9A19103F-16F7-4668-BE54-9A1E7A4F7556}") = "Wallet.Common", "Wallet.Common\Wallet.Common.csproj", "{D286ED80-AFFB-4B2C-A9BC-D0146DB0544F}"
EndProject
Project("{9A19103F-16F7-4668-BE54-9A1E7A4F7556}") = "Wallet.Services.Common", "Wallet.Services.Common\Wallet.Services.Common.csproj", "{D0A8EC55-C60E-4938-A7F2-4C5141C1D1EB}"
EndProject
Project("{2150E333-8FDC-42A3-9474-1A3956D46DE8}") = "Services", "Services", "{EA1F1DB7-E708-4A80-A2D6-7649C4074EBB}"
EndProject
Global
	GlobalSection(SolutionConfigurationPlatforms) = preSolution
		Debug|Any CPU = Debug|Any CPU
		Release|Any CPU = Release|Any CPU
	EndGlobalSection
	GlobalSection(ProjectConfigurationPlatforms) = postSolution
		{7FC40EC0-E320-461C-96BC-128F71CC748B}.Debug|Any CPU.ActiveCfg = Debug|Any CPU
		{7FC40EC0-E320-461C-96BC-128F71CC748B}.Debug|Any CPU.Build.0 = Debug|Any CPU
		{7FC40EC0-E320-461C-96BC-128F71CC748B}.Release|Any CPU.ActiveCfg = Release|Any CPU
		{7FC40EC0-E320-461C-96BC-128F71CC748B}.Release|Any CPU.Build.0 = Release|Any CPU
		{73A604F9-59A2-4596-91A8-1FCFBA781081}.Debug|Any CPU.ActiveCfg = Debug|Any CPU
		{73A604F9-59A2-4596-91A8-1FCFBA781081}.Debug|Any CPU.Build.0 = Debug|Any CPU
		{73A604F9-59A2-4596-91A8-1FCFBA781081}.Release|Any CPU.ActiveCfg = Release|Any CPU
		{73A604F9-59A2-4596-91A8-1FCFBA781081}.Release|Any CPU.Build.0 = Release|Any CPU
		{D286ED80-AFFB-4B2C-A9BC-D0146DB0544F}.Debug|Any CPU.ActiveCfg = Debug|Any CPU
		{D286ED80-AFFB-4B2C-A9BC-D0146DB0544F}.Debug|Any CPU.Build.0 = Debug|Any CPU
		{D286ED80-AFFB-4B2C-A9BC-D0146DB0544F}.Release|Any CPU.ActiveCfg = Release|Any CPU
		{D286ED80-AFFB-4B2C-A9BC-D0146DB0544F}.Release|Any CPU.Build.0 = Release|Any CPU
		{D0A8EC55-C60E-4938-A7F2-4C5141C1D1EB}.Debug|Any CPU.ActiveCfg = Debug|Any CPU
		{D0A8EC55-C60E-4938-A7F2-4C5141C1D1EB}.Debug|Any CPU.Build.0 = Debug|Any CPU
		{D0A8EC55-C60E-4938-A7F2-4C5141C1D1EB}.Release|Any CPU.ActiveCfg = Release|Any CPU
		{D0A8EC55-C60E-4938-A7F2-4C5141C1D1EB}.Release|Any CPU.Build.0 = Release|Any CPU
	EndGlobalSection
	GlobalSection(SolutionProperties) = preSolution
		HideSolutionNode = FALSE
	EndGlobalSection
	GlobalSection(NestedProjects) = preSolution
		{73A604F9-59A2-4596-91A8-1FCFBA781081} = {EA1F1DB7-E708-4A80-A2D6-7649C4074EBB}
		{D0A8EC55-C60E-4938-A7F2-4C5141C1D1EB} = {EA1F1DB7-E708-4A80-A2D6-7649C4074EBB}
	EndGlobalSection
	GlobalSection(ExtensibilityGlobals) = postSolution
		SolutionGuid = {F15FE57B-9743-4A86-8B9E-7544CC765E14}
	EndGlobalSection
EndGlobal
